# Python 3.12 / Windows lock for reproducible CI builds.
# Generated from the validated .venv on 2026-08-24. Refresh with the supported
# Python version, review the diff and update requirements.lock.sha256 together.
altgraph==0.17.5
apsw==3.53.4.0
bottle==0.13.4
build==1.5.0
certifi==2026.7.22
cffi==2.1.1
charset-normalizer==3.5.1
click==8.4.2
clr_loader==0.3.1
colorama==0.4.6
coverage==7.15.4
idna==3.19
iniconfig==2.3.0
kaitaistruct==0.11
lxml==6.1.2
numpy==2.5.2
packaging==26.3
pandas==3.0.5
pbixray==0.15.4
pefile==2024.8.26
pillow==12.3.0
pip-tools==7.6.1
pluggy==1.6.0
proxy_tools==0.1.0
pycparser==3.0
Pygments==2.21.0
pyinstaller==6.22.2
pyinstaller-hooks-contrib==2026.6
pyproject_hooks==1.2.0
pytest==9.1.1
pytest-cov==7.1.0
python-dateutil==2.9.0.post0
python-docx==1.2.0
pythonnet==3.1.0
pywebview==6.2.1
pywin32-ctypes==0.2.3
requests==2.34.2
ruff==0.16.4
six==1.17.0
typing_extensions==4.16.0
tzdata==2026.3
urllib3==2.7.0
xmhuffman==0.3.0
xpress8==0.1.0
xpress9==0.3.8
